
Microsoft Visual Studio Solution File, Format Version 12.00
# Visual Studio Version 16
VisualStudioVersion = 16.0.30114.105
MinimumVisualStudioVersion = 10.0.40219.1
Project("{9A19103F-16F7-4668-BE54-9A1E7A4F7556}") = "API", "API\API.csproj", "{24030152-B634-47EE-8319-520D4B691B34}"
EndProject
Project("{9A19103F-16F7-4668-BE54-9A1E7A4F7556}") = "Core", "InfrastructureLibrary\Core.csproj", "{90131B0C-A1E6-4E5A-9A65-76E79C98AFFF}"
EndProject
Project("{9A19103F-16F7-4668-BE54-9A1E7A4F7556}") = "CalculatorLibrary.Tests", "CalculatorLibrary.Tests\CalculatorLibrary.Tests.csproj", "{6ECD0CE5-A690-40AC-84D3-4E1419A72E5B}"
EndProject
Project("{00D1A9C2-B5F0-4AF3-8072-F6C62B433612}") = "CalculatorDB", "CalculatorDB\CalculatorDB.sqlproj", "{05A6ADF4-9A43-4714-B5E6-9FAD28E6805A}"
EndProject
Project("{9A19103F-16F7-4668-BE54-9A1E7A4F7556}") = "DataLibrary", "DataLibrary\DataLibrary.csproj", "{C1A43EC3-A1D5-4932-A2C8-2F1D28140880}"
EndProject
Project("{2150E333-8FDC-42A3-9474-1A3956D46DE8}") = "Solution Items", "Solution Items", "{86D18063-C225-4DA4-8B72-56B61D03239E}"
	ProjectSection(SolutionItems) = preProject
		.gitignore = .gitignore
	EndProjectSection
EndProject
Global
	GlobalSection(SolutionConfigurationPlatforms) = preSolution
		Debug|Any CPU = Debug|Any CPU
		Debug|x64 = Debug|x64
		Debug|x86 = Debug|x86
		Release|Any CPU = Release|Any CPU
		Release|x64 = Release|x64
		Release|x86 = Release|x86
	EndGlobalSection
	GlobalSection(ProjectConfigurationPlatforms) = postSolution
		{24030152-B634-47EE-8319-520D4B691B34}.Debug|Any CPU.ActiveCfg = Debug|Any CPU
		{24030152-B634-47EE-8319-520D4B691B34}.Debug|Any CPU.Build.0 = Debug|Any CPU
		{24030152-B634-47EE-8319-520D4B691B34}.Debug|x64.ActiveCfg = Debug|Any CPU
		{24030152-B634-47EE-8319-520D4B691B34}.Debug|x64.Build.0 = Debug|Any CPU
		{24030152-B634-47EE-8319-520D4B691B34}.Debug|x86.ActiveCfg = Debug|Any CPU
		{24030152-B634-47EE-8319-520D4B691B34}.Debug|x86.Build.0 = Debug|Any CPU
		{24030152-B634-47EE-8319-520D4B691B34}.Release|Any CPU.ActiveCfg = Release|Any CPU
		{24030152-B634-47EE-8319-520D4B691B34}.Release|Any CPU.Build.0 = Release|Any CPU
		{24030152-B634-47EE-8319-520D4B691B34}.Release|x64.ActiveCfg = Release|Any CPU
		{24030152-B634-47EE-8319-520D4B691B34}.Release|x64.Build.0 = Release|Any CPU
		{24030152-B634-47EE-8319-520D4B691B34}.Release|x86.ActiveCfg = Release|Any CPU
		{24030152-B634-47EE-8319-520D4B691B34}.Release|x86.Build.0 = Release|Any CPU
		{90131B0C-A1E6-4E5A-9A65-76E79C98AFFF}.Debug|Any CPU.ActiveCfg = Debug|Any CPU
		{90131B0C-A1E6-4E5A-9A65-76E79C98AFFF}.Debug|Any CPU.Build.0 = Debug|Any CPU
		{90131B0C-A1E6-4E5A-9A65-76E79C98AFFF}.Debug|x64.ActiveCfg = Debug|Any CPU
		{90131B0C-A1E6-4E5A-9A65-76E79C98AFFF}.Debug|x64.Build.0 = Debug|Any CPU
		{90131B0C-A1E6-4E5A-9A65-76E79C98AFFF}.Debug|x86.ActiveCfg = Debug|Any CPU
		{90131B0C-A1E6-4E5A-9A65-76E79C98AFFF}.Debug|x86.Build.0 = Debug|Any CPU
		{90131B0C-A1E6-4E5A-9A65-76E79C98AFFF}.Release|Any CPU.ActiveCfg = Release|Any CPU
		{90131B0C-A1E6-4E5A-9A65-76E79C98AFFF}.Release|Any CPU.Build.0 = Release|Any CPU
		{90131B0C-A1E6-4E5A-9A65-76E79C98AFFF}.Release|x64.ActiveCfg = Release|Any CPU
		{90131B0C-A1E6-4E5A-9A65-76E79C98AFFF}.Release|x64.Build.0 = Release|Any CPU
		{90131B0C-A1E6-4E5A-9A65-76E79C98AFFF}.Release|x86.ActiveCfg = Release|Any CPU
		{90131B0C-A1E6-4E5A-9A65-76E79C98AFFF}.Release|x86.Build.0 = Release|Any CPU
		{6ECD0CE5-A690-40AC-84D3-4E1419A72E5B}.Debug|Any CPU.ActiveCfg = Debug|Any CPU
		{6ECD0CE5-A690-40AC-84D3-4E1419A72E5B}.Debug|Any CPU.Build.0 = Debug|Any CPU
		{6ECD0CE5-A690-40AC-84D3-4E1419A72E5B}.Debug|x64.ActiveCfg = Debug|Any CPU
		{6ECD0CE5-A690-40AC-84D3-4E1419A72E5B}.Debug|x64.Build.0 = Debug|Any CPU
		{6ECD0CE5-A690-40AC-84D3-4E1419A72E5B}.Debug|x86.ActiveCfg = Debug|Any CPU
		{6ECD0CE5-A690-40AC-84D3-4E1419A72E5B}.Debug|x86.Build.0 = Debug|Any CPU
		{6ECD0CE5-A690-40AC-84D3-4E1419A72E5B}.Release|Any CPU.ActiveCfg = Release|Any CPU
		{6ECD0CE5-A690-40AC-84D3-4E1419A72E5B}.Release|Any CPU.Build.0 = Release|Any CPU
		{6ECD0CE5-A690-40AC-84D3-4E1419A72E5B}.Release|x64.ActiveCfg = Release|Any CPU
		{6ECD0CE5-A690-40AC-84D3-4E1419A72E5B}.Release|x64.Build.0 = Release|Any CPU
		{6ECD0CE5-A690-40AC-84D3-4E1419A72E5B}.Release|x86.ActiveCfg = Release|Any CPU
		{6ECD0CE5-A690-40AC-84D3-4E1419A72E5B}.Release|x86.Build.0 = Release|Any CPU
		{05A6ADF4-9A43-4714-B5E6-9FAD28E6805A}.Debug|Any CPU.ActiveCfg = Debug|Any CPU
		{05A6ADF4-9A43-4714-B5E6-9FAD28E6805A}.Debug|Any CPU.Build.0 = Debug|Any CPU
		{05A6ADF4-9A43-4714-B5E6-9FAD28E6805A}.Debug|Any CPU.Deploy.0 = Debug|Any CPU
		{05A6ADF4-9A43-4714-B5E6-9FAD28E6805A}.Debug|x64.ActiveCfg = Debug|Any CPU
		{05A6ADF4-9A43-4714-B5E6-9FAD28E6805A}.Debug|x64.Build.0 = Debug|Any CPU
		{05A6ADF4-9A43-4714-B5E6-9FAD28E6805A}.Debug|x64.Deploy.0 = Debug|Any CPU
		{05A6ADF4-9A43-4714-B5E6-9FAD28E6805A}.Debug|x86.ActiveCfg = Debug|Any CPU
		{05A6ADF4-9A43-4714-B5E6-9FAD28E6805A}.Debug|x86.Build.0 = Debug|Any CPU
		{05A6ADF4-9A43-4714-B5E6-9FAD28E6805A}.Debug|x86.Deploy.0 = Debug|Any CPU
		{05A6ADF4-9A43-4714-B5E6-9FAD28E6805A}.Release|Any CPU.ActiveCfg = Release|Any CPU
		{05A6ADF4-9A43-4714-B5E6-9FAD28E6805A}.Release|Any CPU.Build.0 = Release|Any CPU
		{05A6ADF4-9A43-4714-B5E6-9FAD28E6805A}.Release|Any CPU.Deploy.0 = Release|Any CPU
		{05A6ADF4-9A43-4714-B5E6-9FAD28E6805A}.Release|x64.ActiveCfg = Release|Any CPU
		{05A6ADF4-9A43-4714-B5E6-9FAD28E6805A}.Release|x64.Build.0 = Release|Any CPU
		{05A6ADF4-9A43-4714-B5E6-9FAD28E6805A}.Release|x64.Deploy.0 = Release|Any CPU
		{05A6ADF4-9A43-4714-B5E6-9FAD28E6805A}.Release|x86.ActiveCfg = Release|Any CPU
		{05A6ADF4-9A43-4714-B5E6-9FAD28E6805A}.Release|x86.Build.0 = Release|Any CPU
		{05A6ADF4-9A43-4714-B5E6-9FAD28E6805A}.Release|x86.Deploy.0 = Release|Any CPU
		{C1A43EC3-A1D5-4932-A2C8-2F1D28140880}.Debug|Any CPU.ActiveCfg = Debug|Any CPU
		{C1A43EC3-A1D5-4932-A2C8-2F1D28140880}.Debug|Any CPU.Build.0 = Debug|Any CPU
		{C1A43EC3-A1D5-4932-A2C8-2F1D28140880}.Debug|x64.ActiveCfg = Debug|Any CPU
		{C1A43EC3-A1D5-4932-A2C8-2F1D28140880}.Debug|x64.Build.0 = Debug|Any CPU
		{C1A43EC3-A1D5-4932-A2C8-2F1D28140880}.Debug|x86.ActiveCfg = Debug|Any CPU
		{C1A43EC3-A1D5-4932-A2C8-2F1D28140880}.Debug|x86.Build.0 = Debug|Any CPU
		{C1A43EC3-A1D5-4932-A2C8-2F1D28140880}.Release|Any CPU.ActiveCfg = Release|Any CPU
		{C1A43EC3-A1D5-4932-A2C8-2F1D28140880}.Release|Any CPU.Build.0 = Release|Any CPU
		{C1A43EC3-A1D5-4932-A2C8-2F1D28140880}.Release|x64.ActiveCfg = Release|Any CPU
		{C1A43EC3-A1D5-4932-A2C8-2F1D28140880}.Release|x64.Build.0 = Release|Any CPU
		{C1A43EC3-A1D5-4932-A2C8-2F1D28140880}.Release|x86.ActiveCfg = Release|Any CPU
		{C1A43EC3-A1D5-4932-A2C8-2F1D28140880}.Release|x86.Build.0 = Release|Any CPU
	EndGlobalSection
	GlobalSection(SolutionProperties) = preSolution
		HideSolutionNode = FALSE
	EndGlobalSection
	GlobalSection(ExtensibilityGlobals) = postSolution
		SolutionGuid = {C2B89CDF-EBE7-4B2D-A215-A4F440419B97}
	EndGlobalSection
EndGlobal
